
Microsoft Visual Studio Solution File, Format Version 12.00
# Visual Studio 15
VisualStudioVersion = 15.0.27703.2000
MinimumVisualStudioVersion = 10.0.40219.1
Project("{9A19103F-16F7-4668-BE54-9A1E7A4F7556}") = "Comformation", "Comformation\Comformation.csproj", "{4827E636-E8BD-4703-AEEA-2D2D9E4E0303}"
EndProject
Project("{9A19103F-16F7-4668-BE54-9A1E7A4F7556}") = "Comformation.Tests", "Comformation.Tests\Comformation.Tests.csproj", "{279CB918-CB91-40CA-803F-D547027BCE5C}"
EndProject
Project("{FAE04EC0-301F-11D3-BF4B-00C04F79EFBC}") = "Comformation.CodeBuilder", "Comformation.CodeBuilder\Comformation.CodeBuilder.csproj", "{FF002973-C615-48C7-8DA9-166998F85088}"
EndProject
Global
	GlobalSection(SolutionConfigurationPlatforms) = preSolution
		Debug|Any CPU = Debug|Any CPU
		Release|Any CPU = Release|Any CPU
	EndGlobalSection
	GlobalSection(ProjectConfigurationPlatforms) = postSolution
		{4827E636-E8BD-4703-AEEA-2D2D9E4E0303}.Debug|Any CPU.ActiveCfg = Debug|Any CPU
		{4827E636-E8BD-4703-AEEA-2D2D9E4E0303}.Debug|Any CPU.Build.0 = Debug|Any CPU
		{4827E636-E8BD-4703-AEEA-2D2D9E4E0303}.Release|Any CPU.ActiveCfg = Release|Any CPU
		{4827E636-E8BD-4703-AEEA-2D2D9E4E0303}.Release|Any CPU.Build.0 = Release|Any CPU
		{279CB918-CB91-40CA-803F-D547027BCE5C}.Debug|Any CPU.ActiveCfg = Debug|Any CPU
		{279CB918-CB91-40CA-803F-D547027BCE5C}.Debug|Any CPU.Build.0 = Debug|Any CPU
		{279CB918-CB91-40CA-803F-D547027BCE5C}.Release|Any CPU.ActiveCfg = Release|Any CPU
		{279CB918-CB91-40CA-803F-D547027BCE5C}.Release|Any CPU.Build.0 = Release|Any CPU
		{FF002973-C615-48C7-8DA9-166998F85088}.Debug|Any CPU.ActiveCfg = Debug|Any CPU
		{FF002973-C615-48C7-8DA9-166998F85088}.Debug|Any CPU.Build.0 = Debug|Any CPU
		{FF002973-C615-48C7-8DA9-166998F85088}.Release|Any CPU.ActiveCfg = Release|Any CPU
		{FF002973-C615-48C7-8DA9-166998F85088}.Release|Any CPU.Build.0 = Release|Any CPU
	EndGlobalSection
	GlobalSection(SolutionProperties) = preSolution
		HideSolutionNode = FALSE
	EndGlobalSection
	GlobalSection(ExtensibilityGlobals) = postSolution
		SolutionGuid = {50D254F1-7B0E-4962-9F19-6CB669F6E362}
	EndGlobalSection
EndGlobal
